{
  "name": "jagc-saml-idp",
  "version": "0.0.0",
  "lockfileVersion": 2,
  "requires": true,
  "packages": {
    "": {
      "name": "jagc-saml-idp",
      "version": "0.0.0",
      "devDependencies": {
        "bootstrap": "4.3.1",
        "jquery": "3.5.0",
        "popper.js": "^1.14.7",
        "uikit": "3.9.4"
      }
    },
    "node_modules/bootstrap": {
      "version": "4.3.1",
      "resolved": "https://registry.npmjs.org/bootstrap/-/bootstrap-4.3.1.tgz",
      "integrity": "sha512-rXqOmH1VilAt2DyPzluTi2blhk17bO7ef+zLLPlWvG494pDxcM234pJ8wTc/6R40UWizAIIMgxjvxZg5kmsbag==",
      "dev": true,
      "engines": {
        "node": ">=6"
      }
    },
    "node_modules/jquery": {
      "version": "3.5.0",
      "resolved": "https://registry.npmjs.org/jquery/-/jquery-3.5.0.tgz",
      "integrity": "sha512-Xb7SVYMvygPxbFMpTFQiHh1J7HClEaThguL15N/Gg37Lri/qKyhRGZYzHRyLH8Stq3Aow0LsHO2O2ci86fCrNQ==",
      "dev": true
    },
    "node_modules/popper.js": {
      "version": "1.15.0",
      "resolved": "https://registry.npmjs.org/popper.js/-/popper.js-1.15.0.tgz",
      "integrity": "sha512-w010cY1oCUmI+9KwwlWki+r5jxKfTFDVoadl7MSrIujHU5MJ5OR6HTDj6Xo8aoR/QsA56x8jKjA59qGH4ELtrA==",
      "dev": true
    },
    "node_modules/uikit": {
      "version": "3.9.4",
      "resolved": "https://registry.npmjs.org/uikit/-/uikit-3.9.4.tgz",
      "integrity": "sha512-mrOr/k3a/6/VBXgnqmQFg0l2ipZyoTpULZZgJ0RVHZz97HNrc28KQsb24pl8wxtw+BGpD39nfMhSmOznyOZuHw==",
      "dev": true
    }
  },
  "dependencies": {
    "bootstrap": {
      "version": "4.3.1",
      "resolved": "https://registry.npmjs.org/bootstrap/-/bootstrap-4.3.1.tgz",
      "integrity": "sha512-rXqOmH1VilAt2DyPzluTi2blhk17bO7ef+zLLPlWvG494pDxcM234pJ8wTc/6R40UWizAIIMgxjvxZg5kmsbag==",
      "dev": true
    },
    "jquery": {
      "version": "3.5.0",
      "resolved": "https://registry.npmjs.org/jquery/-/jquery-3.5.0.tgz",
      "integrity": "sha512-Xb7SVYMvygPxbFMpTFQiHh1J7HClEaThguL15N/Gg37Lri/qKyhRGZYzHRyLH8Stq3Aow0LsHO2O2ci86fCrNQ==",
      "dev": true
    },
    "popper.js": {
      "version": "1.15.0",
      "resolved": "https://registry.npmjs.org/popper.js/-/popper.js-1.15.0.tgz",
      "integrity": "sha512-w010cY1oCUmI+9KwwlWki+r5jxKfTFDVoadl7MSrIujHU5MJ5OR6HTDj6Xo8aoR/QsA56x8jKjA59qGH4ELtrA==",
      "dev": true
    },
    "uikit": {
      "version": "3.9.4",
      "resolved": "https://registry.npmjs.org/uikit/-/uikit-3.9.4.tgz",
      "integrity": "sha512-mrOr/k3a/6/VBXgnqmQFg0l2ipZyoTpULZZgJ0RVHZz97HNrc28KQsb24pl8wxtw+BGpD39nfMhSmOznyOZuHw==",
      "dev": true
    }
  }
}
